PODS:
  - Kingfisher (5.2.0)
  - Mockingjay/Core (2.0.1):
    - URITemplate (~> 2.0)
  - Reveal-SDK (20)
  - URITemplate (2.0.3)

DEPENDENCIES:
  - Kingfisher
  - Mockingjay/Core
  - Reveal-SDK (= 20)

SPEC REPOS:
  https://github.com/cocoapods/specs.git:
    - Kingfisher
    - Mockingjay
    - Reveal-SDK
    - URITemplate

SPEC CHECKSUMS:
  Kingfisher: 07067cfacf371117330dceb4b4b8f5c4b691ab42
  Mockingjay: 11a621880d2887f1775bdcf824341eb68f218450
  Reveal-SDK: 43206a57f575632fd304e85385cc259b5d359e32
  URITemplate: ace0c4c46dcf8afe6e89b4060621852886b15c3b

PODFILE CHECKSUM: 681242d2032cbae28924b9d1432fed7d218755fd

COCOAPODS: 1.6.0
