// !$*UTF8*$!
{
	archiveVersion = 1;
	classes = {
	};
	objectVersion = 50;
	objects = {

/* Begin PBXBuildFile section */
		24A43F9781EA61CCF6273930 /* Pods_PopcornTime.framework in Frameworks */ = {isa = PBXBuildFile; fileRef = 543D0907DFD4786132886623 /* Pods_PopcornTime.framework */; };
		959148F8215E06C8004C8FC7 /* AppDelegate.swift in Sources */ = {isa = PBXBuildFile; fileRef = 959148F7215E06C8004C8FC7 /* AppDelegate.swift */; };
		959148FA215E06C8004C8FC7 /* ViewController.swift in Sources */ = {isa = PBXBuildFile; fileRef = 959148F9215E06C8004C8FC7 /* ViewController.swift */; };
		959148FF215E06CA004C8FC7 /* Assets.xcassets in Resources */ = {isa = PBXBuildFile; fileRef = 959148FE215E06CA004C8FC7 /* Assets.xcassets */; };
		95914902215E06CA004C8FC7 /* LaunchScreen.storyboard in Resources */ = {isa = PBXBuildFile; fileRef = 95914900215E06CA004C8FC7 /* LaunchScreen.storyboard */; };
		95914918215E06CA004C8FC7 /* PopcornTimeUITests.swift in Sources */ = {isa = PBXBuildFile; fileRef = 95914917215E06CA004C8FC7 /* PopcornTimeUITests.swift */; };
		9591492C215E1109004C8FC7 /* Configuration.swift in Sources */ = {isa = PBXBuildFile; fileRef = 9591492B215E1109004C8FC7 /* Configuration.swift */; };
		9591492E215E1659004C8FC7 /* SettingsDataSource.swift in Sources */ = {isa = PBXBuildFile; fileRef = 9591492D215E1659004C8FC7 /* SettingsDataSource.swift */; };
		95914931215E17E1004C8FC7 /* WebService.swift in Sources */ = {isa = PBXBuildFile; fileRef = 95914930215E17E1004C8FC7 /* WebService.swift */; };
		95914933215E1888004C8FC7 /* Result.swift in Sources */ = {isa = PBXBuildFile; fileRef = 95914932215E1888004C8FC7 /* Result.swift */; };
		95914935215E207D004C8FC7 /* WebServiceConfiguration.swift in Sources */ = {isa = PBXBuildFile; fileRef = 95914934215E207D004C8FC7 /* WebServiceConfiguration.swift */; };
		95914938215E39DE004C8FC7 /* configuration_succeful.json in Resources */ = {isa = PBXBuildFile; fileRef = 95914937215E39DE004C8FC7 /* configuration_succeful.json */; };
		9591493A215E39FE004C8FC7 /* ConfigurationTests.swift in Sources */ = {isa = PBXBuildFile; fileRef = 95914939215E39FE004C8FC7 /* ConfigurationTests.swift */; };
		9591493C215E3C41004C8FC7 /* wrong_response.json in Resources */ = {isa = PBXBuildFile; fileRef = 9591493B215E3C41004C8FC7 /* wrong_response.json */; };
		9591493F215E3CA8004C8FC7 /* JSONFactory.swift in Sources */ = {isa = PBXBuildFile; fileRef = 9591493E215E3CA8004C8FC7 /* JSONFactory.swift */; };
		95914941215E3F21004C8FC7 /* SettingsWebSeviceProtocol.swift in Sources */ = {isa = PBXBuildFile; fileRef = 95914940215E3F21004C8FC7 /* SettingsWebSeviceProtocol.swift */; };
		95914943215E3FF0004C8FC7 /* Genres.swift in Sources */ = {isa = PBXBuildFile; fileRef = 95914942215E3FF0004C8FC7 /* Genres.swift */; };
		95914945215E407A004C8FC7 /* genres_succeful.json in Resources */ = {isa = PBXBuildFile; fileRef = 95914944215E407A004C8FC7 /* genres_succeful.json */; };
		95914947215E4090004C8FC7 /* GenreTests.swift in Sources */ = {isa = PBXBuildFile; fileRef = 95914946215E4090004C8FC7 /* GenreTests.swift */; };
		95914949215E7B4B004C8FC7 /* MoviesDataSource.swift in Sources */ = {isa = PBXBuildFile; fileRef = 95914948215E7B4B004C8FC7 /* MoviesDataSource.swift */; };
		9591494B215E7B7D004C8FC7 /* MoviesWebServiceProtocol.swift in Sources */ = {isa = PBXBuildFile; fileRef = 9591494A215E7B7D004C8FC7 /* MoviesWebServiceProtocol.swift */; };
		9591494D215E7B94004C8FC7 /* SettingsDataSourceProtocol.swift in Sources */ = {isa = PBXBuildFile; fileRef = 9591494C215E7B94004C8FC7 /* SettingsDataSourceProtocol.swift */; };
		95914950215E7C1D004C8FC7 /* Movies.swift in Sources */ = {isa = PBXBuildFile; fileRef = 9591494F215E7C1D004C8FC7 /* Movies.swift */; };
		95914952215E7C7E004C8FC7 /* MoviesDataSourceProtocol.swift in Sources */ = {isa = PBXBuildFile; fileRef = 95914951215E7C7E004C8FC7 /* MoviesDataSourceProtocol.swift */; };
		95914954215E8716004C8FC7 /* movies_succeful.json in Resources */ = {isa = PBXBuildFile; fileRef = 95914953215E8716004C8FC7 /* movies_succeful.json */; };
		95914956215E872A004C8FC7 /* MoviesTest.swift in Sources */ = {isa = PBXBuildFile; fileRef = 95914955215E872A004C8FC7 /* MoviesTest.swift */; };
		95914958215E95DE004C8FC7 /* SettingsDataSourcesTests.swift in Sources */ = {isa = PBXBuildFile; fileRef = 95914957215E95DE004C8FC7 /* SettingsDataSourcesTests.swift */; };
		9591495A215E9781004C8FC7 /* MoviesDataSourceTests.swift in Sources */ = {isa = PBXBuildFile; fileRef = 95914959215E9781004C8FC7 /* MoviesDataSourceTests.swift */; };
/* End PBXBuildFile section */

/* Begin PBXContainerItemProxy section */
		95914909215E06CA004C8FC7 /* PBXContainerItemProxy */ = {
			isa = PBXContainerItemProxy;
			containerPortal = 959148EC215E06C8004C8FC7 /* Project object */;
			proxyType = 1;
			remoteGlobalIDString = 959148F3215E06C8004C8FC7;
			remoteInfo = PopcornTime;
		};
		95914914215E06CA004C8FC7 /* PBXContainerItemProxy */ = {
			isa = PBXContainerItemProxy;
			containerPortal = 959148EC215E06C8004C8FC7 /* Project object */;
			proxyType = 1;
			remoteGlobalIDString = 959148F3215E06C8004C8FC7;
			remoteInfo = PopcornTime;
		};
/* End PBXContainerItemProxy section */

/* Begin PBXFileReference section */
		543D0907DFD4786132886623 /* Pods_PopcornTime.framework */ = {isa = PBXFileReference; explicitFileType = wrapper.framework; includeInIndex = 0; path = Pods_PopcornTime.framework; sourceTree = BUILT_PRODUCTS_DIR; };
		959148F4215E06C8004C8FC7 /* PopcornTime.app */ = {isa = PBXFileReference; explicitFileType = wrapper.application; includeInIndex = 0; path = PopcornTime.app; sourceTree = BUILT_PRODUCTS_DIR; };
		959148F7215E06C8004C8FC7 /* AppDelegate.swift */ = {isa = PBXFileReference; lastKnownFileType = sourcecode.swift; path = AppDelegate.swift; sourceTree = "<group>"; };
		959148F9215E06C8004C8FC7 /* ViewController.swift */ = {isa = PBXFileReference; lastKnownFileType = sourcecode.swift; path = ViewController.swift; sourceTree = "<group>"; };
		959148FE215E06CA004C8FC7 /* Assets.xcassets */ = {isa = PBXFileReference; lastKnownFileType = folder.assetcatalog; path = Assets.xcassets; sourceTree = "<group>"; };
		95914901215E06CA004C8FC7 /* Base */ = {isa = PBXFileReference; lastKnownFileType = file.storyboard; name = Base; path = Base.lproj/LaunchScreen.storyboard; sourceTree = "<group>"; };
		95914903215E06CA004C8FC7 /* Info.plist */ = {isa = PBXFileReference; lastKnownFileType = text.plist.xml; path = Info.plist; sourceTree = "<group>"; };
		95914908215E06CA004C8FC7 /* PopcornTimeTests.xctest */ = {isa = PBXFileReference; explicitFileType = wrapper.cfbundle; includeInIndex = 0; path = PopcornTimeTests.xctest; sourceTree = BUILT_PRODUCTS_DIR; };
		9591490E215E06CA004C8FC7 /* Info.plist */ = {isa = PBXFileReference; lastKnownFileType = text.plist.xml; path = Info.plist; sourceTree = "<group>"; };
		95914913215E06CA004C8FC7 /* PopcornTimeUITests.xctest */ = {isa = PBXFileReference; explicitFileType = wrapper.cfbundle; includeInIndex = 0; path = PopcornTimeUITests.xctest; sourceTree = BUILT_PRODUCTS_DIR; };
		95914917215E06CA004C8FC7 /* PopcornTimeUITests.swift */ = {isa = PBXFileReference; lastKnownFileType = sourcecode.swift; path = PopcornTimeUITests.swift; sourceTree = "<group>"; };
		95914919215E06CA004C8FC7 /* Info.plist */ = {isa = PBXFileReference; lastKnownFileType = text.plist.xml; path = Info.plist; sourceTree = "<group>"; };
		9591492B215E1109004C8FC7 /* Configuration.swift */ = {isa = PBXFileReference; lastKnownFileType = sourcecode.swift; path = Configuration.swift; sourceTree = "<group>"; };
		9591492D215E1659004C8FC7 /* SettingsDataSource.swift */ = {isa = PBXFileReference; lastKnownFileType = sourcecode.swift; path = SettingsDataSource.swift; sourceTree = "<group>"; };
		95914930215E17E1004C8FC7 /* WebService.swift */ = {isa = PBXFileReference; lastKnownFileType = sourcecode.swift; path = WebService.swift; sourceTree = "<group>"; };
		95914932215E1888004C8FC7 /* Result.swift */ = {isa = PBXFileReference; lastKnownFileType = sourcecode.swift; path = Result.swift; sourceTree = "<group>"; };
		95914934215E207D004C8FC7 /* WebServiceConfiguration.swift */ = {isa = PBXFileReference; lastKnownFileType = sourcecode.swift; path = WebServiceConfiguration.swift; sourceTree = "<group>"; };
		95914937215E39DE004C8FC7 /* configuration_succeful.json */ = {isa = PBXFileReference; fileEncoding = 4; lastKnownFileType = text.json; path = configuration_succeful.json; sourceTree = "<group>"; };
		95914939215E39FE004C8FC7 /* ConfigurationTests.swift */ = {isa = PBXFileReference; lastKnownFileType = sourcecode.swift; path = ConfigurationTests.swift; sourceTree = "<group>"; };
		9591493B215E3C41004C8FC7 /* wrong_response.json */ = {isa = PBXFileReference; fileEncoding = 4; lastKnownFileType = text.json; path = wrong_response.json; sourceTree = "<group>"; };
		9591493E215E3CA8004C8FC7 /* JSONFactory.swift */ = {isa = PBXFileReference; lastKnownFileType = sourcecode.swift; path = JSONFactory.swift; sourceTree = "<group>"; };
		95914940215E3F21004C8FC7 /* SettingsWebSeviceProtocol.swift */ = {isa = PBXFileReference; lastKnownFileType = sourcecode.swift; path = SettingsWebSeviceProtocol.swift; sourceTree = "<group>"; };
		95914942215E3FF0004C8FC7 /* Genres.swift */ = {isa = PBXFileReference; lastKnownFileType = sourcecode.swift; path = Genres.swift; sourceTree = "<group>"; };
		95914944215E407A004C8FC7 /* genres_succeful.json */ = {isa = PBXFileReference; fileEncoding = 4; lastKnownFileType = text.json; path = genres_succeful.json; sourceTree = "<group>"; };
		95914946215E4090004C8FC7 /* GenreTests.swift */ = {isa = PBXFileReference; lastKnownFileType = sourcecode.swift; path = GenreTests.swift; sourceTree = "<group>"; };
		95914948215E7B4B004C8FC7 /* MoviesDataSource.swift */ = {isa = PBXFileReference; lastKnownFileType = sourcecode.swift; path = MoviesDataSource.swift; sourceTree = "<group>"; };
		9591494A215E7B7D004C8FC7 /* MoviesWebServiceProtocol.swift */ = {isa = PBXFileReference; lastKnownFileType = sourcecode.swift; path = MoviesWebServiceProtocol.swift; sourceTree = "<group>"; };
		9591494C215E7B94004C8FC7 /* SettingsDataSourceProtocol.swift */ = {isa = PBXFileReference; lastKnownFileType = sourcecode.swift; path = SettingsDataSourceProtocol.swift; sourceTree = "<group>"; };
		9591494F215E7C1D004C8FC7 /* Movies.swift */ = {isa = PBXFileReference; lastKnownFileType = sourcecode.swift; path = Movies.swift; sourceTree = "<group>"; };
		95914951215E7C7E004C8FC7 /* MoviesDataSourceProtocol.swift */ = {isa = PBXFileReference; lastKnownFileType = sourcecode.swift; path = MoviesDataSourceProtocol.swift; sourceTree = "<group>"; };
		95914953215E8716004C8FC7 /* movies_succeful.json */ = {isa = PBXFileReference; fileEncoding = 4; lastKnownFileType = text.json; path = movies_succeful.json; sourceTree = "<group>"; };
		95914955215E872A004C8FC7 /* MoviesTest.swift */ = {isa = PBXFileReference; lastKnownFileType = sourcecode.swift; path = MoviesTest.swift; sourceTree = "<group>"; };
		95914957215E95DE004C8FC7 /* SettingsDataSourcesTests.swift */ = {isa = PBXFileReference; lastKnownFileType = sourcecode.swift; path = SettingsDataSourcesTests.swift; sourceTree = "<group>"; };
		95914959215E9781004C8FC7 /* MoviesDataSourceTests.swift */ = {isa = PBXFileReference; lastKnownFileType = sourcecode.swift; path = MoviesDataSourceTests.swift; sourceTree = "<group>"; };
		A2AB4DF87062050CE7BFC29B /* Pods-PopcornTime.release.xcconfig */ = {isa = PBXFileReference; includeInIndex = 1; lastKnownFileType = text.xcconfig; name = "Pods-PopcornTime.release.xcconfig"; path = "Pods/Target Support Files/Pods-PopcornTime/Pods-PopcornTime.release.xcconfig"; sourceTree = "<group>"; };
		D76DE8B4B87444B4863E14E8 /* Pods-PopcornTime.debug.xcconfig */ = {isa = PBXFileReference; includeInIndex = 1; lastKnownFileType = text.xcconfig; name = "Pods-PopcornTime.debug.xcconfig"; path = "Pods/Target Support Files/Pods-PopcornTime/Pods-PopcornTime.debug.xcconfig"; sourceTree = "<group>"; };
/* End PBXFileReference section */

/* Begin PBXFrameworksBuildPhase section */
		959148F1215E06C8004C8FC7 /* Frameworks */ = {
			isa = PBXFrameworksBuildPhase;
			buildActionMask = 2147483647;
			files = (
				24A43F9781EA61CCF6273930 /* Pods_PopcornTime.framework in Frameworks */,
			);
			runOnlyForDeploymentPostprocessing = 0;
		};
		95914905215E06CA004C8FC7 /* Frameworks */ = {
			isa = PBXFrameworksBuildPhase;
			buildActionMask = 2147483647;
			files = (
			);
			runOnlyForDeploymentPostprocessing = 0;
		};
		95914910215E06CA004C8FC7 /* Frameworks */ = {
			isa = PBXFrameworksBuildPhase;
			buildActionMask = 2147483647;
			files = (
			);
			runOnlyForDeploymentPostprocessing = 0;
		};
/* End PBXFrameworksBuildPhase section */

/* Begin PBXGroup section */
		09293CD95ACAF32080A1D446 /* Frameworks */ = {
			isa = PBXGroup;
			children = (
				543D0907DFD4786132886623 /* Pods_PopcornTime.framework */,
			);
			name = Frameworks;
			sourceTree = "<group>";
		};
		4E132115B998A0D1BA97A636 /* Pods */ = {
			isa = PBXGroup;
			children = (
				D76DE8B4B87444B4863E14E8 /* Pods-PopcornTime.debug.xcconfig */,
				A2AB4DF87062050CE7BFC29B /* Pods-PopcornTime.release.xcconfig */,
			);
			name = Pods;
			sourceTree = "<group>";
		};
		959148EB215E06C8004C8FC7 = {
			isa = PBXGroup;
			children = (
				959148F6215E06C8004C8FC7 /* PopcornTime */,
				9591490B215E06CA004C8FC7 /* PopcornTimeTests */,
				95914916215E06CA004C8FC7 /* PopcornTimeUITests */,
				959148F5215E06C8004C8FC7 /* Products */,
				4E132115B998A0D1BA97A636 /* Pods */,
				09293CD95ACAF32080A1D446 /* Frameworks */,
			);
			sourceTree = "<group>";
		};
		959148F5215E06C8004C8FC7 /* Products */ = {
			isa = PBXGroup;
			children = (
				959148F4215E06C8004C8FC7 /* PopcornTime.app */,
				95914908215E06CA004C8FC7 /* PopcornTimeTests.xctest */,
				95914913215E06CA004C8FC7 /* PopcornTimeUITests.xctest */,
			);
			name = Products;
			sourceTree = "<group>";
		};
		959148F6215E06C8004C8FC7 /* PopcornTime */ = {
			isa = PBXGroup;
			children = (
				959148F7215E06C8004C8FC7 /* AppDelegate.swift */,
				95914926215E0CC0004C8FC7 /* Base */,
				95914925215E0CAE004C8FC7 /* Infrastructure */,
				95914927215E0E1D004C8FC7 /* Interface */,
			);
			path = PopcornTime;
			sourceTree = "<group>";
		};
		9591490B215E06CA004C8FC7 /* PopcornTimeTests */ = {
			isa = PBXGroup;
			children = (
				9591490E215E06CA004C8FC7 /* Info.plist */,
				95914939215E39FE004C8FC7 /* ConfigurationTests.swift */,
				95914946215E4090004C8FC7 /* GenreTests.swift */,
				95914959215E9781004C8FC7 /* MoviesDataSourceTests.swift */,
				95914955215E872A004C8FC7 /* MoviesTest.swift */,
				95914957215E95DE004C8FC7 /* SettingsDataSourcesTests.swift */,
				95914936215E39D4004C8FC7 /* Assets */,
				9591493D215E3C94004C8FC7 /* Factories */,
			);
			path = PopcornTimeTests;
			sourceTree = "<group>";
		};
		95914916215E06CA004C8FC7 /* PopcornTimeUITests */ = {
			isa = PBXGroup;
			children = (
				95914917215E06CA004C8FC7 /* PopcornTimeUITests.swift */,
				95914919215E06CA004C8FC7 /* Info.plist */,
			);
			path = PopcornTimeUITests;
			sourceTree = "<group>";
		};
		95914925215E0CAE004C8FC7 /* Infrastructure */ = {
			isa = PBXGroup;
			children = (
				95914929215E0EB5004C8FC7 /* DataSources */,
				95914928215E0EAD004C8FC7 /* Models */,
				9591492A215E0EC1004C8FC7 /* Protocols */,
				9591492F215E17BF004C8FC7 /* WebService */,
			);
			path = Infrastructure;
			sourceTree = "<group>";
		};
		95914926215E0CC0004C8FC7 /* Base */ = {
			isa = PBXGroup;
			children = (
				95914903215E06CA004C8FC7 /* Info.plist */,
				959148FE215E06CA004C8FC7 /* Assets.xcassets */,
				95914900215E06CA004C8FC7 /* LaunchScreen.storyboard */,
			);
			path = Base;
			sourceTree = "<group>";
		};
		95914927215E0E1D004C8FC7 /* Interface */ = {
			isa = PBXGroup;
			children = (
				959148F9215E06C8004C8FC7 /* ViewController.swift */,
			);
			path = Interface;
			sourceTree = "<group>";
		};
		95914928215E0EAD004C8FC7 /* Models */ = {
			isa = PBXGroup;
			children = (
				9591492B215E1109004C8FC7 /* Configuration.swift */,
				95914942215E3FF0004C8FC7 /* Genres.swift */,
				9591494F215E7C1D004C8FC7 /* Movies.swift */,
				95914932215E1888004C8FC7 /* Result.swift */,
			);
			path = Models;
			sourceTree = "<group>";
		};
		95914929215E0EB5004C8FC7 /* DataSources */ = {
			isa = PBXGroup;
			children = (
				95914948215E7B4B004C8FC7 /* MoviesDataSource.swift */,
				9591492D215E1659004C8FC7 /* SettingsDataSource.swift */,
			);
			path = DataSources;
			sourceTree = "<group>";
		};
		9591492A215E0EC1004C8FC7 /* Protocols */ = {
			isa = PBXGroup;
			children = (
				95914951215E7C7E004C8FC7 /* MoviesDataSourceProtocol.swift */,
				9591494A215E7B7D004C8FC7 /* MoviesWebServiceProtocol.swift */,
				9591494C215E7B94004C8FC7 /* SettingsDataSourceProtocol.swift */,
				95914940215E3F21004C8FC7 /* SettingsWebSeviceProtocol.swift */,
			);
			path = Protocols;
			sourceTree = "<group>";
		};
		9591492F215E17BF004C8FC7 /* WebService */ = {
			isa = PBXGroup;
			children = (
				95914930215E17E1004C8FC7 /* WebService.swift */,
				95914934215E207D004C8FC7 /* WebServiceConfiguration.swift */,
			);
			path = WebService;
			sourceTree = "<group>";
		};
		95914936215E39D4004C8FC7 /* Assets */ = {
			isa = PBXGroup;
			children = (
				95914937215E39DE004C8FC7 /* configuration_succeful.json */,
				95914944215E407A004C8FC7 /* genres_succeful.json */,
				95914953215E8716004C8FC7 /* movies_succeful.json */,
				9591493B215E3C41004C8FC7 /* wrong_response.json */,
			);
			path = Assets;
			sourceTree = "<group>";
		};
		9591493D215E3C94004C8FC7 /* Factories */ = {
			isa = PBXGroup;
			children = (
				9591493E215E3CA8004C8FC7 /* JSONFactory.swift */,
			);
			path = Factories;
			sourceTree = "<group>";
		};
/* End PBXGroup section */

/* Begin PBXNativeTarget section */
		959148F3215E06C8004C8FC7 /* PopcornTime */ = {
			isa = PBXNativeTarget;
			buildConfigurationList = 9591491C215E06CA004C8FC7 /* Build configuration list for PBXNativeTarget "PopcornTime" */;
			buildPhases = (
				80951DFF2EA6B1221E472EDB /* [CP] Check Pods Manifest.lock */,
				959148F0215E06C8004C8FC7 /* Sources */,
				959148F1215E06C8004C8FC7 /* Frameworks */,
				959148F2215E06C8004C8FC7 /* Resources */,
				6D29B2BD6CBF5945B46CE669 /* [CP] Embed Pods Frameworks */,
			);
			buildRules = (
			);
			dependencies = (
			);
			name = PopcornTime;
			productName = PopcornTime;
			productReference = 959148F4215E06C8004C8FC7 /* PopcornTime.app */;
			productType = "com.apple.product-type.application";
		};
		95914907215E06CA004C8FC7 /* PopcornTimeTests */ = {
			isa = PBXNativeTarget;
			buildConfigurationList = 9591491F215E06CA004C8FC7 /* Build configuration list for PBXNativeTarget "PopcornTimeTests" */;
			buildPhases = (
				95914904215E06CA004C8FC7 /* Sources */,
				95914905215E06CA004C8FC7 /* Frameworks */,
				95914906215E06CA004C8FC7 /* Resources */,
			);
			buildRules = (
			);
			dependencies = (
				9591490A215E06CA004C8FC7 /* PBXTargetDependency */,
			);
			name = PopcornTimeTests;
			productName = PopcornTimeTests;
			productReference = 95914908215E06CA004C8FC7 /* PopcornTimeTests.xctest */;
			productType = "com.apple.product-type.bundle.unit-test";
		};
		95914912215E06CA004C8FC7 /* PopcornTimeUITests */ = {
			isa = PBXNativeTarget;
			buildConfigurationList = 95914922215E06CA004C8FC7 /* Build configuration list for PBXNativeTarget "PopcornTimeUITests" */;
			buildPhases = (
				9591490F215E06CA004C8FC7 /* Sources */,
				95914910215E06CA004C8FC7 /* Frameworks */,
				95914911215E06CA004C8FC7 /* Resources */,
			);
			buildRules = (
			);
			dependencies = (
				95914915215E06CA004C8FC7 /* PBXTargetDependency */,
			);
			name = PopcornTimeUITests;
			productName = PopcornTimeUITests;
			productReference = 95914913215E06CA004C8FC7 /* PopcornTimeUITests.xctest */;
			productType = "com.apple.product-type.bundle.ui-testing";
		};
/* End PBXNativeTarget section */

/* Begin PBXProject section */
		959148EC215E06C8004C8FC7 /* Project object */ = {
			isa = PBXProject;
			attributes = {
				LastSwiftUpdateCheck = 1000;
				LastUpgradeCheck = 1000;
				ORGANIZATIONNAME = "Carmelo Gallo";
				TargetAttributes = {
					959148F3215E06C8004C8FC7 = {
						CreatedOnToolsVersion = 10.0;
					};
					95914907215E06CA004C8FC7 = {
						CreatedOnToolsVersion = 10.0;
						TestTargetID = 959148F3215E06C8004C8FC7;
					};
					95914912215E06CA004C8FC7 = {
						CreatedOnToolsVersion = 10.0;
						TestTargetID = 959148F3215E06C8004C8FC7;
					};
				};
			};
			buildConfigurationList = 959148EF215E06C8004C8FC7 /* Build configuration list for PBXProject "PopcornTime" */;
			compatibilityVersion = "Xcode 9.3";
			developmentRegion = en;
			hasScannedForEncodings = 0;
			knownRegions = (
				en,
				Base,
			);
			mainGroup = 959148EB215E06C8004C8FC7;
			productRefGroup = 959148F5215E06C8004C8FC7 /* Products */;
			projectDirPath = "";
			projectRoot = "";
			targets = (
				959148F3215E06C8004C8FC7 /* PopcornTime */,
				95914907215E06CA004C8FC7 /* PopcornTimeTests */,
				95914912215E06CA004C8FC7 /* PopcornTimeUITests */,
			);
		};
/* End PBXProject section */

/* Begin PBXResourcesBuildPhase section */
		959148F2215E06C8004C8FC7 /* Resources */ = {
			isa = PBXResourcesBuildPhase;
			buildActionMask = 2147483647;
			files = (
				95914902215E06CA004C8FC7 /* LaunchScreen.storyboard in Resources */,
				959148FF215E06CA004C8FC7 /* Assets.xcassets in Resources */,
			);
			runOnlyForDeploymentPostprocessing = 0;
		};
		95914906215E06CA004C8FC7 /* Resources */ = {
			isa = PBXResourcesBuildPhase;
			buildActionMask = 2147483647;
			files = (
				95914945215E407A004C8FC7 /* genres_succeful.json in Resources */,
				9591493C215E3C41004C8FC7 /* wrong_response.json in Resources */,
				95914954215E8716004C8FC7 /* movies_succeful.json in Resources */,
				95914938215E39DE004C8FC7 /* configuration_succeful.json in Resources */,
			);
			runOnlyForDeploymentPostprocessing = 0;
		};
		95914911215E06CA004C8FC7 /* Resources */ = {
			isa = PBXResourcesBuildPhase;
			buildActionMask = 2147483647;
			files = (
			);
			runOnlyForDeploymentPostprocessing = 0;
		};
/* End PBXResourcesBuildPhase section */

/* Begin PBXShellScriptBuildPhase section */
		6D29B2BD6CBF5945B46CE669 /* [CP] Embed Pods Frameworks */ = {
			isa = PBXShellScriptBuildPhase;
			buildActionMask = 2147483647;
			files = (
			);
			inputPaths = (
				"${SRCROOT}/Pods/Target Support Files/Pods-PopcornTime/Pods-PopcornTime-frameworks.sh",
				"${BUILT_PRODUCTS_DIR}/Kingfisher/Kingfisher.framework",
			);
			name = "[CP] Embed Pods Frameworks";
			outputPaths = (
				"${TARGET_BUILD_DIR}/${FRAMEWORKS_FOLDER_PATH}/Kingfisher.framework",
			);
			runOnlyForDeploymentPostprocessing = 0;
			shellPath = /bin/sh;
			shellScript = "\"${SRCROOT}/Pods/Target Support Files/Pods-PopcornTime/Pods-PopcornTime-frameworks.sh\"\n";
			showEnvVarsInLog = 0;
		};
		80951DFF2EA6B1221E472EDB /* [CP] Check Pods Manifest.lock */ = {
			isa = PBXShellScriptBuildPhase;
			buildActionMask = 2147483647;
			files = (
			);
			inputPaths = (
				"${PODS_PODFILE_DIR_PATH}/Podfile.lock",
				"${PODS_ROOT}/Manifest.lock",
			);
			name = "[CP] Check Pods Manifest.lock";
			outputPaths = (
				"$(DERIVED_FILE_DIR)/Pods-PopcornTime-checkManifestLockResult.txt",
			);
			runOnlyForDeploymentPostprocessing = 0;
			shellPath = /bin/sh;
			shellScript = "diff \"${PODS_PODFILE_DIR_PATH}/Podfile.lock\" \"${PODS_ROOT}/Manifest.lock\" > /dev/null\nif [ $? != 0 ] ; then\n    # print error to STDERR\n    echo \"error: The sandbox is not in sync with the Podfile.lock. Run 'pod install' or update your CocoaPods installation.\" >&2\n    exit 1\nfi\n# This output is used by Xcode 'outputs' to avoid re-running this script phase.\necho \"SUCCESS\" > \"${SCRIPT_OUTPUT_FILE_0}\"\n";
			showEnvVarsInLog = 0;
		};
/* End PBXShellScriptBuildPhase section */

/* Begin PBXSourcesBuildPhase section */
		959148F0215E06C8004C8FC7 /* Sources */ = {
			isa = PBXSourcesBuildPhase;
			buildActionMask = 2147483647;
			files = (
				95914943215E3FF0004C8FC7 /* Genres.swift in Sources */,
				9591494B215E7B7D004C8FC7 /* MoviesWebServiceProtocol.swift in Sources */,
				9591494D215E7B94004C8FC7 /* SettingsDataSourceProtocol.swift in Sources */,
				95914952215E7C7E004C8FC7 /* MoviesDataSourceProtocol.swift in Sources */,
				95914931215E17E1004C8FC7 /* WebService.swift in Sources */,
				95914933215E1888004C8FC7 /* Result.swift in Sources */,
				95914941215E3F21004C8FC7 /* SettingsWebSeviceProtocol.swift in Sources */,
				95914935215E207D004C8FC7 /* WebServiceConfiguration.swift in Sources */,
				95914949215E7B4B004C8FC7 /* MoviesDataSource.swift in Sources */,
				95914950215E7C1D004C8FC7 /* Movies.swift in Sources */,
				9591492C215E1109004C8FC7 /* Configuration.swift in Sources */,
				959148FA215E06C8004C8FC7 /* ViewController.swift in Sources */,
				959148F8215E06C8004C8FC7 /* AppDelegate.swift in Sources */,
				9591492E215E1659004C8FC7 /* SettingsDataSource.swift in Sources */,
			);
			runOnlyForDeploymentPostprocessing = 0;
		};
		95914904215E06CA004C8FC7 /* Sources */ = {
			isa = PBXSourcesBuildPhase;
			buildActionMask = 2147483647;
			files = (
				95914958215E95DE004C8FC7 /* SettingsDataSourcesTests.swift in Sources */,
				9591495A215E9781004C8FC7 /* MoviesDataSourceTests.swift in Sources */,
				95914947215E4090004C8FC7 /* GenreTests.swift in Sources */,
				9591493F215E3CA8004C8FC7 /* JSONFactory.swift in Sources */,
				95914956215E872A004C8FC7 /* MoviesTest.swift in Sources */,
				9591493A215E39FE004C8FC7 /* ConfigurationTests.swift in Sources */,
			);
			runOnlyForDeploymentPostprocessing = 0;
		};
		9591490F215E06CA004C8FC7 /* Sources */ = {
			isa = PBXSourcesBuildPhase;
			buildActionMask = 2147483647;
			files = (
				95914918215E06CA004C8FC7 /* PopcornTimeUITests.swift in Sources */,
			);
			runOnlyForDeploymentPostprocessing = 0;
		};
/* End PBXSourcesBuildPhase section */

/* Begin PBXTargetDependency section */
		9591490A215E06CA004C8FC7 /* PBXTargetDependency */ = {
			isa = PBXTargetDependency;
			target = 959148F3215E06C8004C8FC7 /* PopcornTime */;
			targetProxy = 95914909215E06CA004C8FC7 /* PBXContainerItemProxy */;
		};
		95914915215E06CA004C8FC7 /* PBXTargetDependency */ = {
			isa = PBXTargetDependency;
			target = 959148F3215E06C8004C8FC7 /* PopcornTime */;
			targetProxy = 95914914215E06CA004C8FC7 /* PBXContainerItemProxy */;
		};
/* End PBXTargetDependency section */

/* Begin PBXVariantGroup section */
		95914900215E06CA004C8FC7 /* LaunchScreen.storyboard */ = {
			isa = PBXVariantGroup;
			children = (
				95914901215E06CA004C8FC7 /* Base */,
			);
			name = LaunchScreen.storyboard;
			sourceTree = "<group>";
		};
/* End PBXVariantGroup section */

/* Begin XCBuildConfiguration section */
		9591491A215E06CA004C8FC7 /* Debug */ = {
			isa = XCBuildConfiguration;
			buildSettings = {
				ALWAYS_SEARCH_USER_PATHS = NO;
				CLANG_ANALYZER_NONNULL = YES;
				CLANG_ANALYZER_NUMBER_OBJECT_CONVERSION = YES_AGGRESSIVE;
				CLANG_CXX_LANGUAGE_STANDARD = "gnu++14";
				CLANG_CXX_LIBRARY = "libc++";
				CLANG_ENABLE_MODULES = YES;
				CLANG_ENABLE_OBJC_ARC = YES;
				CLANG_ENABLE_OBJC_WEAK = YES;
				CLANG_WARN_BLOCK_CAPTURE_AUTORELEASING = YES;
				CLANG_WARN_BOOL_CONVERSION = YES;
				CLANG_WARN_COMMA = YES;
				CLANG_WARN_CONSTANT_CONVERSION = YES;
				CLANG_WARN_DEPRECATED_OBJC_IMPLEMENTATIONS = YES;
				CLANG_WARN_DIRECT_OBJC_ISA_USAGE = YES_ERROR;
				CLANG_WARN_DOCUMENTATION_COMMENTS = YES;
				CLANG_WARN_EMPTY_BODY = YES;
				CLANG_WARN_ENUM_CONVERSION = YES;
				CLANG_WARN_INFINITE_RECURSION = YES;
				CLANG_WARN_INT_CONVERSION = YES;
				CLANG_WARN_NON_LITERAL_NULL_CONVERSION = YES;
				CLANG_WARN_OBJC_IMPLICIT_RETAIN_SELF = YES;
				CLANG_WARN_OBJC_LITERAL_CONVERSION = YES;
				CLANG_WARN_OBJC_ROOT_CLASS = YES_ERROR;
				CLANG_WARN_RANGE_LOOP_ANALYSIS = YES;
				CLANG_WARN_STRICT_PROTOTYPES = YES;
				CLANG_WARN_SUSPICIOUS_MOVE = YES;
				CLANG_WARN_UNGUARDED_AVAILABILITY = YES_AGGRESSIVE;
				CLANG_WARN_UNREACHABLE_CODE = YES;
				CLANG_WARN__DUPLICATE_METHOD_MATCH = YES;
				CODE_SIGN_IDENTITY = "iPhone Developer";
				COPY_PHASE_STRIP = NO;
				DEBUG_INFORMATION_FORMAT = dwarf;
				ENABLE_STRICT_OBJC_MSGSEND = YES;
				ENABLE_TESTABILITY = YES;
				GCC_C_LANGUAGE_STANDARD = gnu11;
				GCC_DYNAMIC_NO_PIC = NO;
				GCC_NO_COMMON_BLOCKS = YES;
				GCC_OPTIMIZATION_LEVEL = 0;
				GCC_PREPROCESSOR_DEFINITIONS = (
					"DEBUG=1",
					"$(inherited)",
				);
				GCC_WARN_64_TO_32_BIT_CONVERSION = YES;
				GCC_WARN_ABOUT_RETURN_TYPE = YES_ERROR;
				GCC_WARN_UNDECLARED_SELECTOR = YES;
				GCC_WARN_UNINITIALIZED_AUTOS = YES_AGGRESSIVE;
				GCC_WARN_UNUSED_FUNCTION = YES;
				GCC_WARN_UNUSED_VARIABLE = YES;
				IPHONEOS_DEPLOYMENT_TARGET = 12.0;
				MTL_ENABLE_DEBUG_INFO = INCLUDE_SOURCE;
				MTL_FAST_MATH = YES;
				ONLY_ACTIVE_ARCH = YES;
				SDKROOT = iphoneos;
				SWIFT_ACTIVE_COMPILATION_CONDITIONS = DEBUG;
				SWIFT_OPTIMIZATION_LEVEL = "-Onone";
			};
			name = Debug;
		};
		9591491B215E06CA004C8FC7 /* Release */ = {
			isa = XCBuildConfiguration;
			buildSettings = {
				ALWAYS_SEARCH_USER_PATHS = NO;
				CLANG_ANALYZER_NONNULL = YES;
				CLANG_ANALYZER_NUMBER_OBJECT_CONVERSION = YES_AGGRESSIVE;
				CLANG_CXX_LANGUAGE_STANDARD = "gnu++14";
				CLANG_CXX_LIBRARY = "libc++";
				CLANG_ENABLE_MODULES = YES;
				CLANG_ENABLE_OBJC_ARC = YES;
				CLANG_ENABLE_OBJC_WEAK = YES;
				CLANG_WARN_BLOCK_CAPTURE_AUTORELEASING = YES;
				CLANG_WARN_BOOL_CONVERSION = YES;
				CLANG_WARN_COMMA = YES;
				CLANG_WARN_CONSTANT_CONVERSION = YES;
				CLANG_WARN_DEPRECATED_OBJC_IMPLEMENTATIONS = YES;
				CLANG_WARN_DIRECT_OBJC_ISA_USAGE = YES_ERROR;
				CLANG_WARN_DOCUMENTATION_COMMENTS = YES;
				CLANG_WARN_EMPTY_BODY = YES;
				CLANG_WARN_ENUM_CONVERSION = YES;
				CLANG_WARN_INFINITE_RECURSION = YES;
				CLANG_WARN_INT_CONVERSION = YES;
				CLANG_WARN_NON_LITERAL_NULL_CONVERSION = YES;
				CLANG_WARN_OBJC_IMPLICIT_RETAIN_SELF = YES;
				CLANG_WARN_OBJC_LITERAL_CONVERSION = YES;
				CLANG_WARN_OBJC_ROOT_CLASS = YES_ERROR;
				CLANG_WARN_RANGE_LOOP_ANALYSIS = YES;
				CLANG_WARN_STRICT_PROTOTYPES = YES;
				CLANG_WARN_SUSPICIOUS_MOVE = YES;
				CLANG_WARN_UNGUARDED_AVAILABILITY = YES_AGGRESSIVE;
				CLANG_WARN_UNREACHABLE_CODE = YES;
				CLANG_WARN__DUPLICATE_METHOD_MATCH = YES;
				CODE_SIGN_IDENTITY = "iPhone Developer";
				COPY_PHASE_STRIP = NO;
				DEBUG_INFORMATION_FORMAT = "dwarf-with-dsym";
				ENABLE_NS_ASSERTIONS = NO;
				ENABLE_STRICT_OBJC_MSGSEND = YES;
				GCC_C_LANGUAGE_STANDARD = gnu11;
				GCC_NO_COMMON_BLOCKS = YES;
				GCC_WARN_64_TO_32_BIT_CONVERSION = YES;
				GCC_WARN_ABOUT_RETURN_TYPE = YES_ERROR;
				GCC_WARN_UNDECLARED_SELECTOR = YES;
				GCC_WARN_UNINITIALIZED_AUTOS = YES_AGGRESSIVE;
				GCC_WARN_UNUSED_FUNCTION = YES;
				GCC_WARN_UNUSED_VARIABLE = YES;
				IPHONEOS_DEPLOYMENT_TARGET = 12.0;
				MTL_ENABLE_DEBUG_INFO = NO;
				MTL_FAST_MATH = YES;
				SDKROOT = iphoneos;
				SWIFT_COMPILATION_MODE = wholemodule;
				SWIFT_OPTIMIZATION_LEVEL = "-O";
				VALIDATE_PRODUCT = YES;
			};
			name = Release;
		};
		9591491D215E06CA004C8FC7 /* Debug */ = {
			isa = XCBuildConfiguration;
			baseConfigurationReference = D76DE8B4B87444B4863E14E8 /* Pods-PopcornTime.debug.xcconfig */;
			buildSettings = {
				ASSETCATALOG_COMPILER_APPICON_NAME = AppIcon;
				CODE_SIGN_STYLE = Automatic;
				DEVELOPMENT_TEAM = RD4L8QF62A;
				INFOPLIST_FILE = PopcornTime/Base/Info.plist;
				LD_RUNPATH_SEARCH_PATHS = (
					"$(inherited)",
					"@executable_path/Frameworks",
				);
				PRODUCT_BUNDLE_IDENTIFIER = com.carmelogallo.PopcornTime;
				PRODUCT_NAME = "$(TARGET_NAME)";
				SWIFT_VERSION = 4.2;
				TARGETED_DEVICE_FAMILY = "1,2";
			};
			name = Debug;
		};
		9591491E215E06CA004C8FC7 /* Release */ = {
			isa = XCBuildConfiguration;
			baseConfigurationReference = A2AB4DF87062050CE7BFC29B /* Pods-PopcornTime.release.xcconfig */;
			buildSettings = {
				ASSETCATALOG_COMPILER_APPICON_NAME = AppIcon;
				CODE_SIGN_STYLE = Automatic;
				DEVELOPMENT_TEAM = RD4L8QF62A;
				INFOPLIST_FILE = PopcornTime/Base/Info.plist;
				LD_RUNPATH_SEARCH_PATHS = (
					"$(inherited)",
					"@executable_path/Frameworks",
				);
				PRODUCT_BUNDLE_IDENTIFIER = com.carmelogallo.PopcornTime;
				PRODUCT_NAME = "$(TARGET_NAME)";
				SWIFT_VERSION = 4.2;
				TARGETED_DEVICE_FAMILY = "1,2";
			};
			name = Release;
		};
		95914920215E06CA004C8FC7 /* Debug */ = {
			isa = XCBuildConfiguration;
			buildSettings = {
				ALWAYS_EMBED_SWIFT_STANDARD_LIBRARIES = YES;
				BUNDLE_LOADER = "$(TEST_HOST)";
				CODE_SIGN_STYLE = Automatic;
				DEVELOPMENT_TEAM = 7K7BHMGHCL;
				INFOPLIST_FILE = PopcornTimeTests/Info.plist;
				LD_RUNPATH_SEARCH_PATHS = (
					"$(inherited)",
					"@executable_path/Frameworks",
					"@loader_path/Frameworks",
				);
				PRODUCT_BUNDLE_IDENTIFIER = com.carmelogallo.PopcornTimeTests;
				PRODUCT_NAME = "$(TARGET_NAME)";
				SWIFT_VERSION = 4.2;
				TARGETED_DEVICE_FAMILY = "1,2";
				TEST_HOST = "$(BUILT_PRODUCTS_DIR)/PopcornTime.app/PopcornTime";
			};
			name = Debug;
		};
		95914921215E06CA004C8FC7 /* Release */ = {
			isa = XCBuildConfiguration;
			buildSettings = {
				ALWAYS_EMBED_SWIFT_STANDARD_LIBRARIES = YES;
				BUNDLE_LOADER = "$(TEST_HOST)";
				CODE_SIGN_STYLE = Automatic;
				DEVELOPMENT_TEAM = 7K7BHMGHCL;
				INFOPLIST_FILE = PopcornTimeTests/Info.plist;
				LD_RUNPATH_SEARCH_PATHS = (
					"$(inherited)",
					"@executable_path/Frameworks",
					"@loader_path/Frameworks",
				);
				PRODUCT_BUNDLE_IDENTIFIER = com.carmelogallo.PopcornTimeTests;
				PRODUCT_NAME = "$(TARGET_NAME)";
				SWIFT_VERSION = 4.2;
				TARGETED_DEVICE_FAMILY = "1,2";
				TEST_HOST = "$(BUILT_PRODUCTS_DIR)/PopcornTime.app/PopcornTime";
			};
			name = Release;
		};
		95914923215E06CA004C8FC7 /* Debug */ = {
			isa = XCBuildConfiguration;
			buildSettings = {
				ALWAYS_EMBED_SWIFT_STANDARD_LIBRARIES = YES;
				CODE_SIGN_STYLE = Automatic;
				DEVELOPMENT_TEAM = 7K7BHMGHCL;
				INFOPLIST_FILE = PopcornTimeUITests/Info.plist;
				LD_RUNPATH_SEARCH_PATHS = (
					"$(inherited)",
					"@executable_path/Frameworks",
					"@loader_path/Frameworks",
				);
				PRODUCT_BUNDLE_IDENTIFIER = com.carmelogallo.PopcornTimeUITests;
				PRODUCT_NAME = "$(TARGET_NAME)";
				SWIFT_VERSION = 4.2;
				TARGETED_DEVICE_FAMILY = "1,2";
				TEST_TARGET_NAME = PopcornTime;
			};
			name = Debug;
		};
		95914924215E06CA004C8FC7 /* Release */ = {
			isa = XCBuildConfiguration;
			buildSettings = {
				ALWAYS_EMBED_SWIFT_STANDARD_LIBRARIES = YES;
				CODE_SIGN_STYLE = Automatic;
				DEVELOPMENT_TEAM = 7K7BHMGHCL;
				INFOPLIST_FILE = PopcornTimeUITests/Info.plist;
				LD_RUNPATH_SEARCH_PATHS = (
					"$(inherited)",
					"@executable_path/Frameworks",
					"@loader_path/Frameworks",
				);
				PRODUCT_BUNDLE_IDENTIFIER = com.carmelogallo.PopcornTimeUITests;
				PRODUCT_NAME = "$(TARGET_NAME)";
				SWIFT_VERSION = 4.2;
				TARGETED_DEVICE_FAMILY = "1,2";
				TEST_TARGET_NAME = PopcornTime;
			};
			name = Release;
		};
/* End XCBuildConfiguration section */

/* Begin XCConfigurationList section */
		959148EF215E06C8004C8FC7 /* Build configuration list for PBXProject "PopcornTime" */ = {
			isa = XCConfigurationList;
			buildConfigurations = (
				9591491A215E06CA004C8FC7 /* Debug */,
				9591491B215E06CA004C8FC7 /* Release */,
			);
			defaultConfigurationIsVisible = 0;
			defaultConfigurationName = Release;
		};
		9591491C215E06CA004C8FC7 /* Build configuration list for PBXNativeTarget "PopcornTime" */ = {
			isa = XCConfigurationList;
			buildConfigurations = (
				9591491D215E06CA004C8FC7 /* Debug */,
				9591491E215E06CA004C8FC7 /* Release */,
			);
			defaultConfigurationIsVisible = 0;
			defaultConfigurationName = Release;
		};
		9591491F215E06CA004C8FC7 /* Build configuration list for PBXNativeTarget "PopcornTimeTests" */ = {
			isa = XCConfigurationList;
			buildConfigurations = (
				95914920215E06CA004C8FC7 /* Debug */,
				95914921215E06CA004C8FC7 /* Release */,
			);
			defaultConfigurationIsVisible = 0;
			defaultConfigurationName = Release;
		};
		95914922215E06CA004C8FC7 /* Build configuration list for PBXNativeTarget "PopcornTimeUITests" */ = {
			isa = XCConfigurationList;
			buildConfigurations = (
				95914923215E06CA004C8FC7 /* Debug */,
				95914924215E06CA004C8FC7 /* Release */,
			);
			defaultConfigurationIsVisible = 0;
			defaultConfigurationName = Release;
		};
/* End XCConfigurationList section */
	};
	rootObject = 959148EC215E06C8004C8FC7 /* Project object */;
}
